<?xml version="1.0" encoding="utf-8"?>
<Project ToolsVersion="4.0" xmlns="http://schemas.microsoft.com/developer/msbuild/2003">
  <ItemGroup>
    <ClCompile Include="Scene\GamaScene\InGame\GameOveScener.cpp" />
    <ClCompile Include="Object\Character\Player\Effect\Effect.cpp" />
    <ClCompile Include="Object\Gimmick\GoalPoint.cpp" />
    <ClCompile Include="Object\Item\Heal.cpp" />
    <ClCompile Include="Object\Character\Enemy\Enemy.cpp" />
    <ClCompile Include="Object\Character\Enemy\EnemyBase.cpp" />
    <ClCompile Include="Object\Gimmick\Invisiblefloor.cpp" />
    <ClCompile Include="Object\Gimmick\Light.cpp" />
    <ClCompile Include="Object\Character\Player\Gauge.cpp" />
    <ClCompile Include="Object\Stage\Block\Block.cpp" />
    <ClCompile Include="Object\Character\CharacterBase.cpp" />
    <ClCompile Include="Object\ObjectManager.cpp" />
    <ClCompile Include="Object\Character\Player\Player.cpp" />
    <ClCompile Include="Object\Gimmick\PushBlock.cpp" />
    <ClCompile Include="Object\Character\Enemy\RealEnemy.cpp" />
    <ClCompile Include="Object\Gimmick\Plate.cpp" />
    <ClCompile Include="Scene\GamaScene\InGame\InGameScene.cpp" />
    <ClCompile Include="Object\GameObject.cpp" />
    <ClCompile Include="Scene\GamaScene\InGame\TitleScene.cpp" />
    <ClCompile Include="Scene\SceneManager.cpp" />
    <ClCompile Include="Scene\SceneBase.cpp" />
    <ClCompile Include="Object\Stage\StageEditor.cpp" />
    <ClCompile Include="Object\Stage\StageData.cpp" />
    <ClCompile Include="Object\Item\ShadowHeal.cpp" />
    <ClCompile Include="Object\UniFormGrid.cpp" />
    <ClCompile Include="Utility\SoundManager.cpp" />
    <ClCompile Include="Utility\ResourceManager.cpp" />
    <ClCompile Include="Utility\TileSet.cpp" />
    <ClCompile Include="Utility\InputManager.cpp" />
    <ClCompile Include="Utility\FpsControl.cpp" />
    <ClCompile Include="main.cpp" />
    <ClCompile Include="Utility\tinyxml2.cpp" />
    <ClCompile Include="Utility\Vector2D.cpp" />
    <ClCompile Include="Object\Gimmick\Wall.cpp" />
    <ClCompile Include="Scene\GamaScene\InGame\GameClear.cpp" />
    <ClCompile Include="Scene\GamaScene\InGame\HelpScene.cpp" />
  </ItemGroup>
  <ItemGroup>
    <ClInclude Include="Scene\GamaScene\InGame\GameOverScene.h" />
    <ClInclude Include="Object\Character\Player\Effect\Effect.h" />
    <ClInclude Include="Object\Gimmick\GoalPoint.h" />
    <ClInclude Include="Object\Item\Heal.h" />
    <ClInclude Include="Object\Character\Enemy\Enemy.h" />
    <ClInclude Include="Object\Character\Enemy\EnemyBase.h" />
    <ClInclude Include="Object\Gimmick\Invisiblefloor.h" />
    <ClInclude Include="Object\Gimmick\Light.h" />
    <ClInclude Include="Object\Character\Player\Gauge.h" />
    <ClInclude Include="Object\ObjectList.h" />
    <ClInclude Include="Object\Stage\Block\Block.h" />
    <ClInclude Include="Object\Character\CharacterBase.h" />
    <ClInclude Include="common.h" />
    <ClInclude Include="Object\ObjectManager.h" />
    <ClInclude Include="Object\ObjectInfo.h" />
    <ClInclude Include="Object\Character\Player\Player.h" />
    <ClInclude Include="Object\Gimmick\PushBlock.h" />
    <ClInclude Include="Object\Character\Enemy\RealEnemy.h" />
    <ClInclude Include="Object\Gimmick\Plate.h" />
    <ClInclude Include="Object\Item\ShadowHeal.h" />
    <ClInclude Include="Object\TextObject.h" />
    <ClInclude Include="Object\UniFormGrid.h" />
    <ClInclude Include="Utility\SoundManager.h" />
    <ClInclude Include="Utility\ResourceManager.h" />
    <ClInclude Include="Scene\GamaScene\InGame\InGameScene.h" />
    <ClInclude Include="Object\GameObject.h" />
    <ClInclude Include="Object\ObjectType.h" />
    <ClInclude Include="Scene\SceneManager.h" />
    <ClInclude Include="Scene\SceneBase.h" />
    <ClInclude Include="Object\Stage\StageEditor.h" />
    <ClInclude Include="Scene\GamaScene\InGame\TitleScene.h" />
    <ClInclude Include="Object\Stage\StageData.h" />
    <ClInclude Include="Utility\TileSet.h" />
    <ClInclude Include="Utility\InputManager.h" />
    <ClInclude Include="Utility\FpsControl.h" />
    <ClInclude Include="Utility\tinyxml2.h" />
    <ClInclude Include="Utility\UserTemplate.h" />
    <ClInclude Include="Utility\UtilityList.h" />
    <ClInclude Include="Utility\Vector2D.h" />
    <ClInclude Include="Object\Gimmick\Wall.h" />
    <ClInclude Include="Scene\GamaScene\InGame\GameClear.h" />
    <ClInclude Include="Scene\GamaScene\InGame\HelpScene.h" />
  </ItemGroup>
  <ItemGroup>
    <None Include="packages.config" />
  </ItemGroup>
</Project>